
Microsoft Visual Studio Solution File, Format Version 12.00
# Visual Studio Version 16
VisualStudioVersion = 16.0.33529.622
MinimumVisualStudioVersion = 10.0.40219.1
Project("{FAE04EC0-301F-11D3-BF4B-00C04F79EFBC}") = "SOL_WILFREDO_VALVERDE", "SOL_WILFREDO_VALVERDE\SOL_WILFREDO_VALVERDE.csproj", "{F786F20D-FCCC-481D-934F-5946A5658E28}"
EndProject
Global
	GlobalSection(SolutionConfigurationPlatforms) = preSolution
		Debug|Any CPU = Debug|Any CPU
		Release|Any CPU = Release|Any CPU
	EndGlobalSection
	GlobalSection(ProjectConfigurationPlatforms) = postSolution
		{F786F20D-FCCC-481D-934F-5946A5658E28}.Debug|Any CPU.ActiveCfg = Debug|Any CPU
		{F786F20D-FCCC-481D-934F-5946A5658E28}.Debug|Any CPU.Build.0 = Debug|Any CPU
		{F786F20D-FCCC-481D-934F-5946A5658E28}.Release|Any CPU.ActiveCfg = Release|Any CPU
		{F786F20D-FCCC-481D-934F-5946A5658E28}.Release|Any CPU.Build.0 = Release|Any CPU
	EndGlobalSection
	GlobalSection(SolutionProperties) = preSolution
		HideSolutionNode = FALSE
	EndGlobalSection
	GlobalSection(ExtensibilityGlobals) = postSolution
		SolutionGuid = {FFC9F41B-A100-4D22-ADD0-A0B08D585066}
	EndGlobalSection
EndGlobal
